// !$*UTF8*$!
{
	archiveVersion = 1;
	classes = {
	};
	objectVersion = 48;
	objects = {

/* Begin PBXBuildFile section */
		FA081CCE205E31450028E2E6 /* VLCStringUtility.swift in Sources */ = {isa = PBXBuildFile; fileRef = FA081CCD205E31450028E2E6 /* VLCStringUtility.swift */; };
		FA1B0A59205491F600EBFD6C /* AppDelegate.swift in Sources */ = {isa = PBXBuildFile; fileRef = FA1B0A58205491F600EBFD6C /* AppDelegate.swift */; };
		FA1B0A5B205491F600EBFD6C /* Assets.xcassets in Resources */ = {isa = PBXBuildFile; fileRef = FA1B0A5A205491F600EBFD6C /* Assets.xcassets */; };
		FA1B0A5E205491F600EBFD6C /* MainMenu.xib in Resources */ = {isa = PBXBuildFile; fileRef = FA1B0A5C205491F600EBFD6C /* MainMenu.xib */; };
		FA1B0A642054927A00EBFD6C /* VLCMainMenu.swift in Sources */ = {isa = PBXBuildFile; fileRef = FAD8A8942053F51D00F31B43 /* VLCMainMenu.swift */; };
		FA1B0A652054932000EBFD6C /* VLCRendererMenuController.swift in Sources */ = {isa = PBXBuildFile; fileRef = FAD8A8972054434400F31B43 /* VLCRendererMenuController.swift */; };
		FA1B0A662054959700EBFD6C /* VLCExtensionsManager.swift in Sources */ = {isa = PBXBuildFile; fileRef = FA1B09F020544A1400EBFD6C /* VLCExtensionsManager.swift */; };
		FA1B0A682054993F00EBFD6C /* VLCMain.swift in Sources */ = {isa = PBXBuildFile; fileRef = FA1B0A672054993F00EBFD6C /* VLCMain.swift */; };
		FA47C85B208BCDF3006B71DB /* VLCPlaylist.swift in Sources */ = {isa = PBXBuildFile; fileRef = FA47C85A208BCDF3006B71DB /* VLCPlaylist.swift */; };
		FA4DE38520C2D722003343F6 /* VLCControlsBarView.swift in Sources */ = {isa = PBXBuildFile; fileRef = FA4DE38420C2D722003343F6 /* VLCControlsBarView.swift */; };
		FA64DB80208B2CF100E60971 /* VLCVoutWindowController.m in Sources */ = {isa = PBXBuildFile; fileRef = FA64DB7F208B2CF000E60971 /* VLCVoutWindowController.m */; };
		FAA84B3C20722F1500B3FEEC /* VLCInputManager.swift in Sources */ = {isa = PBXBuildFile; fileRef = FAA84B3B20722F1500B3FEEC /* VLCInputManager.swift */; };
		FAA84B3E207256A000B3FEEC /* VLCVoutWindowController.swift in Sources */ = {isa = PBXBuildFile; fileRef = FAA84B3D207256A000B3FEEC /* VLCVoutWindowController.swift */; };
		FAB19D8A205D1AA90057DB64 /* Helpers.swift in Sources */ = {isa = PBXBuildFile; fileRef = FAB19D89205D1AA90057DB64 /* Helpers.swift */; };
		FABC537D2060522400139896 /* VLCCoreInteraction.swift in Sources */ = {isa = PBXBuildFile; fileRef = FABC537C2060522400139896 /* VLCCoreInteraction.swift */; };
		FABC537F2062EC3C00139896 /* VLCExtensions.swift in Sources */ = {isa = PBXBuildFile; fileRef = FABC537E2062EC3C00139896 /* VLCExtensions.swift */; };
		FACA07CB20700E13004DC571 /* MainWindow.xib in Resources */ = {isa = PBXBuildFile; fileRef = FACA07CA20700E13004DC571 /* MainWindow.xib */; };
		FACA07CF20700EB6004DC571 /* VLCVoutView.swift in Sources */ = {isa = PBXBuildFile; fileRef = FACA07CE20700EB6004DC571 /* VLCVoutView.swift */; };
		FACA07D120700EDB004DC571 /* VLCMainWindowTitleView.swift in Sources */ = {isa = PBXBuildFile; fileRef = FACA07D020700EDB004DC571 /* VLCMainWindowTitleView.swift */; };
		FACA07D320700F48004DC571 /* VLCControlsBar.swift in Sources */ = {isa = PBXBuildFile; fileRef = FACA07D220700F48004DC571 /* VLCControlsBar.swift */; };
		FACC22FE2070BB4100736C66 /* VLCVideoWindow.swift in Sources */ = {isa = PBXBuildFile; fileRef = FACC22FD2070BB4100736C66 /* VLCVideoWindow.swift */; };
		FACC23002070BBD600736C66 /* VLCWindow.swift in Sources */ = {isa = PBXBuildFile; fileRef = FACC22FF2070BBD600736C66 /* VLCWindow.swift */; };
/* End PBXBuildFile section */

/* Begin PBXFileReference section */
		FA081CCD205E31450028E2E6 /* VLCStringUtility.swift */ = {isa = PBXFileReference; lastKnownFileType = sourcecode.swift; path = VLCStringUtility.swift; sourceTree = "<group>"; };
		FA1B09F020544A1400EBFD6C /* VLCExtensionsManager.swift */ = {isa = PBXFileReference; lastKnownFileType = sourcecode.swift; path = VLCExtensionsManager.swift; sourceTree = "<group>"; };
		FA1B09F72054814800EBFD6C /* vlc_access.h */ = {isa = PBXFileReference; fileEncoding = 4; lastKnownFileType = sourcecode.c.h; name = vlc_access.h; path = ../../include/vlc_access.h; sourceTree = "<group>"; };
		FA1B09F82054814800EBFD6C /* vlc_aout.h */ = {isa = PBXFileReference; fileEncoding = 4; lastKnownFileType = sourcecode.c.h; name = vlc_aout.h; path = ../../include/vlc_aout.h; sourceTree = "<group>"; };
		FA1B09F92054814800EBFD6C /* vlc_extensions.h */ = {isa = PBXFileReference; fileEncoding = 4; lastKnownFileType = sourcecode.c.h; name = vlc_extensions.h; path = ../../include/vlc_extensions.h; sourceTree = "<group>"; };
		FA1B09FA2054814800EBFD6C /* vlc_fs.h */ = {isa = PBXFileReference; fileEncoding = 4; lastKnownFileType = sourcecode.c.h; name = vlc_fs.h; path = ../../include/vlc_fs.h; sourceTree = "<group>"; };
		FA1B09FB2054814800EBFD6C /* vlc_config_cat.h */ = {isa = PBXFileReference; fileEncoding = 4; lastKnownFileType = sourcecode.c.h; name = vlc_config_cat.h; path = ../../include/vlc_config_cat.h; sourceTree = "<group>"; };
		FA1B09FC2054814900EBFD6C /* vlc_http.h */ = {isa = PBXFileReference; fileEncoding = 4; lastKnownFileType = sourcecode.c.h; name = vlc_http.h; path = ../../include/vlc_http.h; sourceTree = "<group>"; };
		FA1B09FD2054814900EBFD6C /* vlc_meta.h */ = {isa = PBXFileReference; fileEncoding = 4; lastKnownFileType = sourcecode.c.h; name = vlc_meta.h; path = ../../include/vlc_meta.h; sourceTree = "<group>"; };
		FA1B09FE2054814900EBFD6C /* vlc_mtime.h */ = {isa = PBXFileReference; fileEncoding = 4; lastKnownFileType = sourcecode.c.h; name = vlc_mtime.h; path = ../../include/vlc_mtime.h; sourceTree = "<group>"; };
		FA1B09FF2054814900EBFD6C /* vlc_network.h */ = {isa = PBXFileReference; fileEncoding = 4; lastKnownFileType = sourcecode.c.h; name = vlc_network.h; path = ../../include/vlc_network.h; sourceTree = "<group>"; };
		FA1B0A002054814900EBFD6C /* vlc_boxes.h */ = {isa = PBXFileReference; fileEncoding = 4; lastKnownFileType = sourcecode.c.h; name = vlc_boxes.h; path = ../../include/vlc_boxes.h; sourceTree = "<group>"; };
		FA1B0A012054814900EBFD6C /* vlc_timestamp_helper.h */ = {isa = PBXFileReference; fileEncoding = 4; lastKnownFileType = sourcecode.c.h; name = vlc_timestamp_helper.h; path = ../../include/vlc_timestamp_helper.h; sourceTree = "<group>"; };
		FA1B0A022054814A00EBFD6C /* vlc_filter.h */ = {isa = PBXFileReference; fileEncoding = 4; lastKnownFileType = sourcecode.c.h; name = vlc_filter.h; path = ../../include/vlc_filter.h; sourceTree = "<group>"; };
		FA1B0A032054814A00EBFD6C /* vlc_fourcc.h */ = {isa = PBXFileReference; fileEncoding = 4; lastKnownFileType = sourcecode.c.h; name = vlc_fourcc.h; path = ../../include/vlc_fourcc.h; sourceTree = "<group>"; };
		FA1B0A042054814A00EBFD6C /* vlc_meta_fetcher.h */ = {isa = PBXFileReference; fileEncoding = 4; lastKnownFileType = sourcecode.c.h; name = vlc_meta_fetcher.h; path = ../../include/vlc_meta_fetcher.h; sourceTree = "<group>"; };
		FA1B0A052054814A00EBFD6C /* vlc_spu.h */ = {isa = PBXFileReference; fileEncoding = 4; lastKnownFileType = sourcecode.c.h; name = vlc_spu.h; path = ../../include/vlc_spu.h; sourceTree = "<group>"; };
		FA1B0A062054814B00EBFD6C /* vlc_block_helper.h */ = {isa = PBXFileReference; fileEncoding = 4; lastKnownFileType = sourcecode.c.h; name = vlc_block_helper.h; path = ../../include/vlc_block_helper.h; sourceTree = "<group>"; };
		FA1B0A072054814B00EBFD6C /* vlc_mime.h */ = {isa = PBXFileReference; fileEncoding = 4; lastKnownFileType = sourcecode.c.h; name = vlc_mime.h; path = ../../include/vlc_mime.h; sourceTree = "<group>"; };
		FA1B0A082054814B00EBFD6C /* vlc_stream_extractor.h */ = {isa = PBXFileReference; fileEncoding = 4; lastKnownFileType = sourcecode.c.h; name = vlc_stream_extractor.h; path = ../../include/vlc_stream_extractor.h; sourceTree = "<group>"; };
		FA1B0A092054814B00EBFD6C /* vlc_variables.h */ = {isa = PBXFileReference; fileEncoding = 4; lastKnownFileType = sourcecode.c.h; name = vlc_variables.h; path = ../../include/vlc_variables.h; sourceTree = "<group>"; };
		FA1B0A0A2054814B00EBFD6C /* vlc_video_splitter.h */ = {isa = PBXFileReference; fileEncoding = 4; lastKnownFileType = sourcecode.c.h; name = vlc_video_splitter.h; path = ../../include/vlc_video_splitter.h; sourceTree = "<group>"; };
		FA1B0A0B2054814C00EBFD6C /* vlc_url.h */ = {isa = PBXFileReference; fileEncoding = 4; lastKnownFileType = sourcecode.c.h; name = vlc_url.h; path = ../../include/vlc_url.h; sourceTree = "<group>"; };
		FA1B0A0C2054814C00EBFD6C /* vlc_objects.h */ = {isa = PBXFileReference; fileEncoding = 4; lastKnownFileType = sourcecode.c.h; name = vlc_objects.h; path = ../../include/vlc_objects.h; sourceTree = "<group>"; };
		FA1B0A0D2054814C00EBFD6C /* vlc_vout_osd.h */ = {isa = PBXFileReference; fileEncoding = 4; lastKnownFileType = sourcecode.c.h; name = vlc_vout_osd.h; path = ../../include/vlc_vout_osd.h; sourceTree = "<group>"; };
		FA1B0A0E2054814C00EBFD6C /* vlc_media_library.h */ = {isa = PBXFileReference; fileEncoding = 4; lastKnownFileType = sourcecode.c.h; name = vlc_media_library.h; path = ../../include/vlc_media_library.h; sourceTree = "<group>"; };
		FA1B0A0F2054814D00EBFD6C /* vlc_renderer_discovery.h */ = {isa = PBXFileReference; fileEncoding = 4; lastKnownFileType = sourcecode.c.h; name = vlc_renderer_discovery.h; path = ../../include/vlc_renderer_discovery.h; sourceTree = "<group>"; };
		FA1B0A102054814D00EBFD6C /* vlc_dialog.h */ = {isa = PBXFileReference; fileEncoding = 4; lastKnownFileType = sourcecode.c.h; name = vlc_dialog.h; path = ../../include/vlc_dialog.h; sourceTree = "<group>"; };
		FA1B0A112054814D00EBFD6C /* vlc_messages.h */ = {isa = PBXFileReference; fileEncoding = 4; lastKnownFileType = sourcecode.c.h; name = vlc_messages.h; path = ../../include/vlc_messages.h; sourceTree = "<group>"; };
		FA1B0A122054814D00EBFD6C /* vlc_gcrypt.h */ = {isa = PBXFileReference; fileEncoding = 4; lastKnownFileType = sourcecode.c.h; name = vlc_gcrypt.h; path = ../../include/vlc_gcrypt.h; sourceTree = "<group>"; };
		FA1B0A132054814E00EBFD6C /* vlc_cpu.h */ = {isa = PBXFileReference; fileEncoding = 4; lastKnownFileType = sourcecode.c.h; name = vlc_cpu.h; path = ../../include/vlc_cpu.h; sourceTree = "<group>"; };
		FA1B0A142054814E00EBFD6C /* vlc_interface.h */ = {isa = PBXFileReference; fileEncoding = 4; lastKnownFileType = sourcecode.c.h; name = vlc_interface.h; path = ../../include/vlc_interface.h; sourceTree = "<group>"; };
		FA1B0A152054814E00EBFD6C /* vlc_fixups.h */ = {isa = PBXFileReference; fileEncoding = 4; lastKnownFileType = sourcecode.c.h; name = vlc_fixups.h; path = ../../include/vlc_fixups.h; sourceTree = "<group>"; };
		FA1B0A162054814E00EBFD6C /* vlc_mouse.h */ = {isa = PBXFileReference; fileEncoding = 4; lastKnownFileType = sourcecode.c.h; name = vlc_mouse.h; path = ../../include/vlc_mouse.h; sourceTree = "<group>"; };
		FA1B0A172054814F00EBFD6C /* vlc_plugin.h */ = {isa = PBXFileReference; fileEncoding = 4; lastKnownFileType = sourcecode.c.h; name = vlc_plugin.h; path = ../../include/vlc_plugin.h; sourceTree = "<group>"; };
		FA1B0A182054814F00EBFD6C /* vlc_intf_strings.h */ = {isa = PBXFileReference; fileEncoding = 4; lastKnownFileType = sourcecode.c.h; name = vlc_intf_strings.h; path = ../../include/vlc_intf_strings.h; sourceTree = "<group>"; };
		FA1B0A192054814F00EBFD6C /* vlc_text_style.h */ = {isa = PBXFileReference; fileEncoding = 4; lastKnownFileType = sourcecode.c.h; name = vlc_text_style.h; path = ../../include/vlc_text_style.h; sourceTree = "<group>"; };
		FA1B0A1A2054815000EBFD6C /* vlc_tls.h */ = {isa = PBXFileReference; fileEncoding = 4; lastKnownFileType = sourcecode.c.h; name = vlc_tls.h; path = ../../include/vlc_tls.h; sourceTree = "<group>"; };
		FA1B0A1B2054815000EBFD6C /* vlc_update.h */ = {isa = PBXFileReference; fileEncoding = 4; lastKnownFileType = sourcecode.c.h; name = vlc_update.h; path = ../../include/vlc_update.h; sourceTree = "<group>"; };
		FA1B0A1C2054815000EBFD6C /* vlc_vout_window.h */ = {isa = PBXFileReference; fileEncoding = 4; lastKnownFileType = sourcecode.c.h; name = vlc_vout_window.h; path = ../../include/vlc_vout_window.h; sourceTree = "<group>"; };
		FA1B0A1D2054815100EBFD6C /* vlc_picture_pool.h */ = {isa = PBXFileReference; fileEncoding = 4; lastKnownFileType = sourcecode.c.h; name = vlc_picture_pool.h; path = ../../include/vlc_picture_pool.h; sourceTree = "<group>"; };
		FA1B0A1E2054815100EBFD6C /* vlc_modules.h */ = {isa = PBXFileReference; fileEncoding = 4; lastKnownFileType = sourcecode.c.h; name = vlc_modules.h; path = ../../include/vlc_modules.h; sourceTree = "<group>"; };
		FA1B0A1F2054815100EBFD6C /* vlc_bits.h */ = {isa = PBXFileReference; fileEncoding = 4; lastKnownFileType = sourcecode.c.h; name = vlc_bits.h; path = ../../include/vlc_bits.h; sourceTree = "<group>"; };
		FA1B0A202054815100EBFD6C /* vlc_iso_lang.h */ = {isa = PBXFileReference; fileEncoding = 4; lastKnownFileType = sourcecode.c.h; name = vlc_iso_lang.h; path = ../../include/vlc_iso_lang.h; sourceTree = "<group>"; };
		FA1B0A212054815200EBFD6C /* vlc_charset.h */ = {isa = PBXFileReference; fileEncoding = 4; lastKnownFileType = sourcecode.c.h; name = vlc_charset.h; path = ../../include/vlc_charset.h; sourceTree = "<group>"; };
		FA1B0A222054815200EBFD6C /* vlc_es_out.h */ = {isa = PBXFileReference; fileEncoding = 4; lastKnownFileType = sourcecode.c.h; name = vlc_es_out.h; path = ../../include/vlc_es_out.h; sourceTree = "<group>"; };
		FA1B0A232054815200EBFD6C /* vlc_pgpkey.h */ = {isa = PBXFileReference; fileEncoding = 4; lastKnownFileType = sourcecode.c.h; name = vlc_pgpkey.h; path = ../../include/vlc_pgpkey.h; sourceTree = "<group>"; };
		FA1B0A242054815200EBFD6C /* vlc_threads.h */ = {isa = PBXFileReference; fileEncoding = 4; lastKnownFileType = sourcecode.c.h; name = vlc_threads.h; path = ../../include/vlc_threads.h; sourceTree = "<group>"; };
		FA1B0A252054815300EBFD6C /* vlc_picture_fifo.h */ = {isa = PBXFileReference; fileEncoding = 4; lastKnownFileType = sourcecode.c.h; name = vlc_picture_fifo.h; path = ../../include/vlc_picture_fifo.h; sourceTree = "<group>"; };
		FA1B0A262054815300EBFD6C /* vlc_opengl.h */ = {isa = PBXFileReference; fileEncoding = 4; lastKnownFileType = sourcecode.c.h; name = vlc_opengl.h; path = ../../include/vlc_opengl.h; sourceTree = "<group>"; };
		FA1B0A272054815300EBFD6C /* vlc_sout.h */ = {isa = PBXFileReference; fileEncoding = 4; lastKnownFileType = sourcecode.c.h; name = vlc_sout.h; path = ../../include/vlc_sout.h; sourceTree = "<group>"; };
		FA1B0A282054815400EBFD6C /* vlc_input_item.h */ = {isa = PBXFileReference; fileEncoding = 4; lastKnownFileType = sourcecode.c.h; name = vlc_input_item.h; path = ../../include/vlc_input_item.h; sourceTree = "<group>"; };
		FA1B0A292054815400EBFD6C /* vlc_probe.h */ = {isa = PBXFileReference; fileEncoding = 4; lastKnownFileType = sourcecode.c.h; name = vlc_probe.h; path = ../../include/vlc_probe.h; sourceTree = "<group>"; };
		FA1B0A2A2054815400EBFD6C /* vlc_codecs.h */ = {isa = PBXFileReference; fileEncoding = 4; lastKnownFileType = sourcecode.c.h; name = vlc_codecs.h; path = ../../include/vlc_codecs.h; sourceTree = "<group>"; };
		FA1B0A2B2054815500EBFD6C /* vlc_config.h */ = {isa = PBXFileReference; fileEncoding = 4; lastKnownFileType = sourcecode.c.h; name = vlc_config.h; path = ../../include/vlc_config.h; sourceTree = "<group>"; };
		FA1B0A2C2054815500EBFD6C /* vlc_image.h */ = {isa = PBXFileReference; fileEncoding = 4; lastKnownFileType = sourcecode.c.h; name = vlc_image.h; path = ../../include/vlc_image.h; sourceTree = "<group>"; };
		FA1B0A2D2054815500EBFD6C /* vlc_inhibit.h */ = {isa = PBXFileReference; fileEncoding = 4; lastKnownFileType = sourcecode.c.h; name = vlc_inhibit.h; path = ../../include/vlc_inhibit.h; sourceTree = "<group>"; };
		FA1B0A2E2054815500EBFD6C /* vlc_addons.h */ = {isa = PBXFileReference; fileEncoding = 4; lastKnownFileType = sourcecode.c.h; name = vlc_addons.h; path = ../../include/vlc_addons.h; sourceTree = "<group>"; };
		FA1B0A2F2054815600EBFD6C /* vlc_interrupt.h */ = {isa = PBXFileReference; fileEncoding = 4; lastKnownFileType = sourcecode.c.h; name = vlc_interrupt.h; path = ../../include/vlc_interrupt.h; sourceTree = "<group>"; };
		FA1B0A302054815600EBFD6C /* vlc_vlm.h */ = {isa = PBXFileReference; fileEncoding = 4; lastKnownFileType = sourcecode.c.h; name = vlc_vlm.h; path = ../../include/vlc_vlm.h; sourceTree = "<group>"; };
		FA1B0A312054815600EBFD6C /* vlc_es.h */ = {isa = PBXFileReference; fileEncoding = 4; lastKnownFileType = sourcecode.c.h; name = vlc_es.h; path = ../../include/vlc_es.h; sourceTree = "<group>"; };
		FA1B0A322054815700EBFD6C /* vlc_input.h */ = {isa = PBXFileReference; fileEncoding = 4; lastKnownFileType = sourcecode.c.h; name = vlc_input.h; path = ../../include/vlc_input.h; sourceTree = "<group>"; };
		FA1B0A332054815700EBFD6C /* vlc_xml.h */ = {isa = PBXFileReference; fileEncoding = 4; lastKnownFileType = sourcecode.c.h; name = vlc_xml.h; path = ../../include/vlc_xml.h; sourceTree = "<group>"; };
		FA1B0A342054815700EBFD6C /* vlc_picture.h */ = {isa = PBXFileReference; fileEncoding = 4; lastKnownFileType = sourcecode.c.h; name = vlc_picture.h; path = ../../include/vlc_picture.h; sourceTree = "<group>"; };
		FA1B0A352054815800EBFD6C /* vlc_viewpoint.h */ = {isa = PBXFileReference; fileEncoding = 4; lastKnownFileType = sourcecode.c.h; name = vlc_viewpoint.h; path = ../../include/vlc_viewpoint.h; sourceTree = "<group>"; };
		FA1B0A362054815800EBFD6C /* vlc_fingerprinter.h */ = {isa = PBXFileReference; fileEncoding = 4; lastKnownFileType = sourcecode.c.h; name = vlc_fingerprinter.h; path = ../../include/vlc_fingerprinter.h; sourceTree = "<group>"; };
		FA1B0A372054815800EBFD6C /* vlc_memstream.h */ = {isa = PBXFileReference; fileEncoding = 4; lastKnownFileType = sourcecode.c.h; name = vlc_memstream.h; path = ../../include/vlc_memstream.h; sourceTree = "<group>"; };
		FA1B0A382054815800EBFD6C /* vlc_vod.h */ = {isa = PBXFileReference; fileEncoding = 4; lastKnownFileType = sourcecode.c.h; name = vlc_vod.h; path = ../../include/vlc_vod.h; sourceTree = "<group>"; };
		FA1B0A392054815900EBFD6C /* vlc_md5.h */ = {isa = PBXFileReference; fileEncoding = 4; lastKnownFileType = sourcecode.c.h; name = vlc_md5.h; path = ../../include/vlc_md5.h; sourceTree = "<group>"; };
		FA1B0A3A2054815900EBFD6C /* vlc_rand.h */ = {isa = PBXFileReference; fileEncoding = 4; lastKnownFileType = sourcecode.c.h; name = vlc_rand.h; path = ../../include/vlc_rand.h; sourceTree = "<group>"; };
		FA1B0A3B2054815900EBFD6C /* vlc_vout_wrapper.h */ = {isa = PBXFileReference; fileEncoding = 4; lastKnownFileType = sourcecode.c.h; name = vlc_vout_wrapper.h; path = ../../include/vlc_vout_wrapper.h; sourceTree = "<group>"; };
		FA1B0A3C2054815A00EBFD6C /* vlc_demux.h */ = {isa = PBXFileReference; fileEncoding = 4; lastKnownFileType = sourcecode.c.h; name = vlc_demux.h; path = ../../include/vlc_demux.h; sourceTree = "<group>"; };
		FA1B0A3D2054815A00EBFD6C /* vlc_common.h */ = {isa = PBXFileReference; fileEncoding = 4; lastKnownFileType = sourcecode.c.h; name = vlc_common.h; path = ../../include/vlc_common.h; sourceTree = "<group>"; };
		FA1B0A3E2054815B00EBFD6C /* vlc_epg.h */ = {isa = PBXFileReference; fileEncoding = 4; lastKnownFileType = sourcecode.c.h; name = vlc_epg.h; path = ../../include/vlc_epg.h; sourceTree = "<group>"; };
		FA1B0A3F2054816000EBFD6C /* vlc_stream.h */ = {isa = PBXFileReference; fileEncoding = 4; lastKnownFileType = sourcecode.c.h; name = vlc_stream.h; path = ../../include/vlc_stream.h; sourceTree = "<group>"; };
		FA1B0A402054816100EBFD6C /* vlc_events.h */ = {isa = PBXFileReference; fileEncoding = 4; lastKnownFileType = sourcecode.c.h; name = vlc_events.h; path = ../../include/vlc_events.h; sourceTree = "<group>"; };
		FA1B0A412054816200EBFD6C /* vlc_vout.h */ = {isa = PBXFileReference; fileEncoding = 4; lastKnownFileType = sourcecode.c.h; name = vlc_vout.h; path = ../../include/vlc_vout.h; sourceTree = "<group>"; };
		FA1B0A422054816200EBFD6C /* vlc_block.h */ = {isa = PBXFileReference; fileEncoding = 4; lastKnownFileType = sourcecode.c.h; name = vlc_block.h; path = ../../include/vlc_block.h; sourceTree = "<group>"; };
		FA1B0A432054816800EBFD6C /* vlc_services_discovery.h */ = {isa = PBXFileReference; fileEncoding = 4; lastKnownFileType = sourcecode.c.h; name = vlc_services_discovery.h; path = ../../include/vlc_services_discovery.h; sourceTree = "<group>"; };
		FA1B0A442054816800EBFD6C /* vlc_aout_volume.h */ = {isa = PBXFileReference; fileEncoding = 4; lastKnownFileType = sourcecode.c.h; name = vlc_aout_volume.h; path = ../../include/vlc_aout_volume.h; sourceTree = "<group>"; };
		FA1B0A452054816800EBFD6C /* vlc_atomic.h */ = {isa = PBXFileReference; fileEncoding = 4; lastKnownFileType = sourcecode.c.h; name = vlc_atomic.h; path = ../../include/vlc_atomic.h; sourceTree = "<group>"; };
		FA1B0A462054816900EBFD6C /* vlc_avcodec.h */ = {isa = PBXFileReference; fileEncoding = 4; lastKnownFileType = sourcecode.c.h; name = vlc_avcodec.h; path = ../../include/vlc_avcodec.h; sourceTree = "<group>"; };
		FA1B0A472054816900EBFD6C /* vlc_codec.h */ = {isa = PBXFileReference; fileEncoding = 4; lastKnownFileType = sourcecode.c.h; name = vlc_codec.h; path = ../../include/vlc_codec.h; sourceTree = "<group>"; };
		FA1B0A482054816900EBFD6C /* vlc_playlist.h */ = {isa = PBXFileReference; fileEncoding = 4; lastKnownFileType = sourcecode.c.h; name = vlc_playlist.h; path = ../../include/vlc_playlist.h; sourceTree = "<group>"; };
		FA1B0A492054816A00EBFD6C /* vlc_strings.h */ = {isa = PBXFileReference; fileEncoding = 4; lastKnownFileType = sourcecode.c.h; name = vlc_strings.h; path = ../../include/vlc_strings.h; sourceTree = "<group>"; };
		FA1B0A4A2054816A00EBFD6C /* vlc_subpicture.h */ = {isa = PBXFileReference; fileEncoding = 4; lastKnownFileType = sourcecode.c.h; name = vlc_subpicture.h; path = ../../include/vlc_subpicture.h; sourceTree = "<group>"; };
		FA1B0A4B2054816A00EBFD6C /* vlc_keystore.h */ = {isa = PBXFileReference; fileEncoding = 4; lastKnownFileType = sourcecode.c.h; name = vlc_keystore.h; path = ../../include/vlc_keystore.h; sourceTree = "<group>"; };
		FA1B0A4C2054816A00EBFD6C /* vlc_xlib.h */ = {isa = PBXFileReference; fileEncoding = 4; lastKnownFileType = sourcecode.c.h; name = vlc_xlib.h; path = ../../include/vlc_xlib.h; sourceTree = "<group>"; };
		FA1B0A4D2054816B00EBFD6C /* vlc_actions.h */ = {isa = PBXFileReference; fileEncoding = 4; lastKnownFileType = sourcecode.c.h; name = vlc_actions.h; path = ../../include/vlc_actions.h; sourceTree = "<group>"; };
		FA1B0A4E2054816B00EBFD6C /* vlc_vout_display.h */ = {isa = PBXFileReference; fileEncoding = 4; lastKnownFileType = sourcecode.c.h; name = vlc_vout_display.h; path = ../../include/vlc_vout_display.h; sourceTree = "<group>"; };
		FA1B0A4F2054816C00EBFD6C /* vlc_arrays.h */ = {isa = PBXFileReference; fileEncoding = 4; lastKnownFileType = sourcecode.c.h; name = vlc_arrays.h; path = ../../include/vlc_arrays.h; sourceTree = "<group>"; };
		FA1B0A502054816C00EBFD6C /* vlc_httpd.h */ = {isa = PBXFileReference; fileEncoding = 4; lastKnownFileType = sourcecode.c.h; name = vlc_httpd.h; path = ../../include/vlc_httpd.h; sourceTree = "<group>"; };
		FA1B0A512054817200EBFD6C /* vlc_configuration.h */ = {isa = PBXFileReference; fileEncoding = 4; lastKnownFileType = sourcecode.c.h; name = vlc_configuration.h; path = ../../include/vlc_configuration.h; sourceTree = "<group>"; };
		FA1B0A56205491F600EBFD6C /* Pixie.app */ = {isa = PBXFileReference; explicitFileType = wrapper.application; includeInIndex = 0; path = Pixie.app; sourceTree = BUILT_PRODUCTS_DIR; };
		FA1B0A58205491F600EBFD6C /* AppDelegate.swift */ = {isa = PBXFileReference; lastKnownFileType = sourcecode.swift; path = AppDelegate.swift; sourceTree = "<group>"; };
		FA1B0A5A205491F600EBFD6C /* Assets.xcassets */ = {isa = PBXFileReference; lastKnownFileType = folder.assetcatalog; path = Assets.xcassets; sourceTree = "<group>"; };
		FA1B0A5D205491F600EBFD6C /* Base */ = {isa = PBXFileReference; lastKnownFileType = file.xib; name = Base; path = Base.lproj/MainMenu.xib; sourceTree = "<group>"; };
		FA1B0A5F205491F600EBFD6C /* VLC */ = {isa = PBXFileReference; lastKnownFileType = text.xml; path = VLC; sourceTree = "<group>"; };
		FA1B0A60205491F600EBFD6C /* Pixie.entitlements */ = {isa = PBXFileReference; lastKnownFileType = text.plist.entitlements; path = Pixie.entitlements; sourceTree = "<group>"; };
		FA1B0A672054993F00EBFD6C /* VLCMain.swift */ = {isa = PBXFileReference; lastKnownFileType = sourcecode.swift; path = VLCMain.swift; sourceTree = "<group>"; };
		FA47C85A208BCDF3006B71DB /* VLCPlaylist.swift */ = {isa = PBXFileReference; lastKnownFileType = sourcecode.swift; path = VLCPlaylist.swift; sourceTree = "<group>"; };
		FA4DE38420C2D722003343F6 /* VLCControlsBarView.swift */ = {isa = PBXFileReference; lastKnownFileType = sourcecode.swift; path = VLCControlsBarView.swift; sourceTree = "<group>"; };
		FA64DB7E208B2B8000E60971 /* VLCVoutWindowController.h */ = {isa = PBXFileReference; lastKnownFileType = sourcecode.c.h; path = VLCVoutWindowController.h; sourceTree = "<group>"; };
		FA64DB7F208B2CF000E60971 /* VLCVoutWindowController.m */ = {isa = PBXFileReference; lastKnownFileType = sourcecode.c.objc; path = VLCVoutWindowController.m; sourceTree = "<group>"; };
		FAA84B3B20722F1500B3FEEC /* VLCInputManager.swift */ = {isa = PBXFileReference; lastKnownFileType = sourcecode.swift; path = VLCInputManager.swift; sourceTree = "<group>"; };
		FAA84B3D207256A000B3FEEC /* VLCVoutWindowController.swift */ = {isa = PBXFileReference; lastKnownFileType = sourcecode.swift; path = VLCVoutWindowController.swift; sourceTree = "<group>"; };
		FAB19D89205D1AA90057DB64 /* Helpers.swift */ = {isa = PBXFileReference; lastKnownFileType = sourcecode.swift; path = Helpers.swift; sourceTree = "<group>"; };
		FABC537A205EBC9400139896 /* VLCOpenWindowController.swift */ = {isa = PBXFileReference; lastKnownFileType = sourcecode.swift; path = VLCOpenWindowController.swift; sourceTree = "<group>"; };
		FABC537C2060522400139896 /* VLCCoreInteraction.swift */ = {isa = PBXFileReference; lastKnownFileType = sourcecode.swift; path = VLCCoreInteraction.swift; sourceTree = "<group>"; };
		FABC537E2062EC3C00139896 /* VLCExtensions.swift */ = {isa = PBXFileReference; lastKnownFileType = sourcecode.swift; path = VLCExtensions.swift; sourceTree = "<group>"; };
		FACA07CA20700E13004DC571 /* MainWindow.xib */ = {isa = PBXFileReference; fileEncoding = 4; lastKnownFileType = file.xib; name = MainWindow.xib; path = ../../modules/gui/macosx/UI/MainWindow.xib; sourceTree = "<group>"; };
		FACA07CE20700EB6004DC571 /* VLCVoutView.swift */ = {isa = PBXFileReference; lastKnownFileType = sourcecode.swift; path = VLCVoutView.swift; sourceTree = "<group>"; };
		FACA07D020700EDB004DC571 /* VLCMainWindowTitleView.swift */ = {isa = PBXFileReference; lastKnownFileType = sourcecode.swift; path = VLCMainWindowTitleView.swift; sourceTree = "<group>"; };
		FACA07D220700F48004DC571 /* VLCControlsBar.swift */ = {isa = PBXFileReference; lastKnownFileType = sourcecode.swift; path = VLCControlsBar.swift; sourceTree = "<group>"; };
		FACC22FD2070BB4100736C66 /* VLCVideoWindow.swift */ = {isa = PBXFileReference; lastKnownFileType = sourcecode.swift; path = VLCVideoWindow.swift; sourceTree = "<group>"; };
		FACC22FF2070BBD600736C66 /* VLCWindow.swift */ = {isa = PBXFileReference; lastKnownFileType = sourcecode.swift; path = VLCWindow.swift; sourceTree = "<group>"; };
		FAD8A8862053E02900F31B43 /* Base */ = {isa = PBXFileReference; lastKnownFileType = file.storyboard; name = Base; path = src/Base.lproj/Main.storyboard; sourceTree = SOURCE_ROOT; };
		FAD8A8882053E05D00F31B43 /* VLC.entitlements */ = {isa = PBXFileReference; fileEncoding = 4; lastKnownFileType = text.plist.entitlements; path = VLC.entitlements; sourceTree = "<group>"; };
		FAD8A8892053E06700F31B43 /* Info.plist */ = {isa = PBXFileReference; fileEncoding = 4; lastKnownFileType = text.plist.xml; path = Info.plist; sourceTree = "<group>"; };
		FAD8A88B2053E08E00F31B43 /* Assets.xcassets */ = {isa = PBXFileReference; lastKnownFileType = folder.assetcatalog; path = Assets.xcassets; sourceTree = "<group>"; };
		FAD8A88D2053E11F00F31B43 /* MainMenu.xib */ = {isa = PBXFileReference; fileEncoding = 4; lastKnownFileType = file.xib; name = MainMenu.xib; path = ../../modules/gui/macosx/UI/MainMenu.xib; sourceTree = "<group>"; };
		FAD8A88F2053E1DD00F31B43 /* VLC-Bridging-Header.h */ = {isa = PBXFileReference; lastKnownFileType = sourcecode.c.h; path = "VLC-Bridging-Header.h"; sourceTree = "<group>"; };
		FAD8A8902053E1DD00F31B43 /* AppDelegate.swift */ = {isa = PBXFileReference; fileEncoding = 4; lastKnownFileType = sourcecode.swift; path = AppDelegate.swift; sourceTree = "<group>"; };
		FAD8A8922053E1E600F31B43 /* ViewController.swift */ = {isa = PBXFileReference; fileEncoding = 4; lastKnownFileType = sourcecode.swift; path = ViewController.swift; sourceTree = "<group>"; };
		FAD8A8942053F51D00F31B43 /* VLCMainMenu.swift */ = {isa = PBXFileReference; lastKnownFileType = sourcecode.swift; path = VLCMainMenu.swift; sourceTree = "<group>"; };
		FAD8A8972054434400F31B43 /* VLCRendererMenuController.swift */ = {isa = PBXFileReference; lastKnownFileType = sourcecode.swift; path = VLCRendererMenuController.swift; sourceTree = "<group>"; };
/* End PBXFileReference section */

/* Begin PBXFrameworksBuildPhase section */
		FA1B0A53205491F600EBFD6C /* Frameworks */ = {
			isa = PBXFrameworksBuildPhase;
			buildActionMask = 2147483647;
			files = (
			);
			runOnlyForDeploymentPostprocessing = 0;
		};
/* End PBXFrameworksBuildPhase section */

/* Begin PBXGroup section */
		FA1B09F220547D0C00EBFD6C /* Headers */ = {
			isa = PBXGroup;
			children = (
				FA1B09F72054814800EBFD6C /* vlc_access.h */,
				FA1B0A4D2054816B00EBFD6C /* vlc_actions.h */,
				FA1B0A2E2054815500EBFD6C /* vlc_addons.h */,
				FA1B0A442054816800EBFD6C /* vlc_aout_volume.h */,
				FA1B09F82054814800EBFD6C /* vlc_aout.h */,
				FA1B0A4F2054816C00EBFD6C /* vlc_arrays.h */,
				FA1B0A452054816800EBFD6C /* vlc_atomic.h */,
				FA1B0A462054816900EBFD6C /* vlc_avcodec.h */,
				FA1B0A1F2054815100EBFD6C /* vlc_bits.h */,
				FA1B0A062054814B00EBFD6C /* vlc_block_helper.h */,
				FA1B0A422054816200EBFD6C /* vlc_block.h */,
				FA1B0A002054814900EBFD6C /* vlc_boxes.h */,
				FA1B0A212054815200EBFD6C /* vlc_charset.h */,
				FA1B0A472054816900EBFD6C /* vlc_codec.h */,
				FA1B0A2A2054815400EBFD6C /* vlc_codecs.h */,
				FA1B0A3D2054815A00EBFD6C /* vlc_common.h */,
				FA1B09FB2054814800EBFD6C /* vlc_config_cat.h */,
				FA1B0A2B2054815500EBFD6C /* vlc_config.h */,
				FA1B0A512054817200EBFD6C /* vlc_configuration.h */,
				FA1B0A132054814E00EBFD6C /* vlc_cpu.h */,
				FA1B0A3C2054815A00EBFD6C /* vlc_demux.h */,
				FA1B0A102054814D00EBFD6C /* vlc_dialog.h */,
				FA1B0A3E2054815B00EBFD6C /* vlc_epg.h */,
				FA1B0A222054815200EBFD6C /* vlc_es_out.h */,
				FA1B0A312054815600EBFD6C /* vlc_es.h */,
				FA1B0A402054816100EBFD6C /* vlc_events.h */,
				FA1B09F92054814800EBFD6C /* vlc_extensions.h */,
				FA1B0A022054814A00EBFD6C /* vlc_filter.h */,
				FA1B0A362054815800EBFD6C /* vlc_fingerprinter.h */,
				FA1B0A152054814E00EBFD6C /* vlc_fixups.h */,
				FA1B0A032054814A00EBFD6C /* vlc_fourcc.h */,
				FA1B09FA2054814800EBFD6C /* vlc_fs.h */,
				FA1B0A122054814D00EBFD6C /* vlc_gcrypt.h */,
				FA1B09FC2054814900EBFD6C /* vlc_http.h */,
				FA1B0A502054816C00EBFD6C /* vlc_httpd.h */,
				FA1B0A2C2054815500EBFD6C /* vlc_image.h */,
				FA1B0A2D2054815500EBFD6C /* vlc_inhibit.h */,
				FA1B0A282054815400EBFD6C /* vlc_input_item.h */,
				FA1B0A322054815700EBFD6C /* vlc_input.h */,
				FA1B0A142054814E00EBFD6C /* vlc_interface.h */,
				FA1B0A2F2054815600EBFD6C /* vlc_interrupt.h */,
				FA1B0A182054814F00EBFD6C /* vlc_intf_strings.h */,
				FA1B0A202054815100EBFD6C /* vlc_iso_lang.h */,
				FA1B0A4B2054816A00EBFD6C /* vlc_keystore.h */,
				FA1B0A392054815900EBFD6C /* vlc_md5.h */,
				FA1B0A0E2054814C00EBFD6C /* vlc_media_library.h */,
				FA1B0A372054815800EBFD6C /* vlc_memstream.h */,
				FA1B0A112054814D00EBFD6C /* vlc_messages.h */,
				FA1B0A042054814A00EBFD6C /* vlc_meta_fetcher.h */,
				FA1B09FD2054814900EBFD6C /* vlc_meta.h */,
				FA1B0A072054814B00EBFD6C /* vlc_mime.h */,
				FA1B0A1E2054815100EBFD6C /* vlc_modules.h */,
				FA1B0A162054814E00EBFD6C /* vlc_mouse.h */,
				FA1B09FE2054814900EBFD6C /* vlc_mtime.h */,
				FA1B09FF2054814900EBFD6C /* vlc_network.h */,
				FA1B0A0C2054814C00EBFD6C /* vlc_objects.h */,
				FA1B0A262054815300EBFD6C /* vlc_opengl.h */,
				FA1B0A232054815200EBFD6C /* vlc_pgpkey.h */,
				FA1B0A252054815300EBFD6C /* vlc_picture_fifo.h */,
				FA1B0A1D2054815100EBFD6C /* vlc_picture_pool.h */,
				FA1B0A342054815700EBFD6C /* vlc_picture.h */,
				FA1B0A482054816900EBFD6C /* vlc_playlist.h */,
				FA1B0A172054814F00EBFD6C /* vlc_plugin.h */,
				FA1B0A292054815400EBFD6C /* vlc_probe.h */,
				FA1B0A3A2054815900EBFD6C /* vlc_rand.h */,
				FA1B0A0F2054814D00EBFD6C /* vlc_renderer_discovery.h */,
				FA1B0A432054816800EBFD6C /* vlc_services_discovery.h */,
				FA1B0A272054815300EBFD6C /* vlc_sout.h */,
				FA1B0A052054814A00EBFD6C /* vlc_spu.h */,
				FA1B0A082054814B00EBFD6C /* vlc_stream_extractor.h */,
				FA1B0A3F2054816000EBFD6C /* vlc_stream.h */,
				FA1B0A492054816A00EBFD6C /* vlc_strings.h */,
				FA1B0A4A2054816A00EBFD6C /* vlc_subpicture.h */,
				FA1B0A192054814F00EBFD6C /* vlc_text_style.h */,
				FA1B0A242054815200EBFD6C /* vlc_threads.h */,
				FA1B0A012054814900EBFD6C /* vlc_timestamp_helper.h */,
				FA1B0A1A2054815000EBFD6C /* vlc_tls.h */,
				FA1B0A1B2054815000EBFD6C /* vlc_update.h */,
				FA1B0A0B2054814C00EBFD6C /* vlc_url.h */,
				FA1B0A092054814B00EBFD6C /* vlc_variables.h */,
				FA1B0A0A2054814B00EBFD6C /* vlc_video_splitter.h */,
				FA1B0A352054815800EBFD6C /* vlc_viewpoint.h */,
				FA1B0A302054815600EBFD6C /* vlc_vlm.h */,
				FA1B0A382054815800EBFD6C /* vlc_vod.h */,
				FA1B0A4E2054816B00EBFD6C /* vlc_vout_display.h */,
				FA1B0A0D2054814C00EBFD6C /* vlc_vout_osd.h */,
				FA1B0A1C2054815000EBFD6C /* vlc_vout_window.h */,
				FA1B0A3B2054815900EBFD6C /* vlc_vout_wrapper.h */,
				FA1B0A412054816200EBFD6C /* vlc_vout.h */,
				FA1B0A4C2054816A00EBFD6C /* vlc_xlib.h */,
				FA1B0A332054815700EBFD6C /* vlc_xml.h */,
			);
			path = Headers;
			sourceTree = "<group>";
		};
		FA1B0A57205491F600EBFD6C /* Pixie */ = {
			isa = PBXGroup;
			children = (
				FA1B0A58205491F600EBFD6C /* AppDelegate.swift */,
				FA1B0A5A205491F600EBFD6C /* Assets.xcassets */,
				FA1B0A5C205491F600EBFD6C /* MainMenu.xib */,
				FA1B0A5F205491F600EBFD6C /* VLC */,
				FA1B0A60205491F600EBFD6C /* Pixie.entitlements */,
			);
			path = Pixie;
			sourceTree = "<group>";
		};
		FA2C224E20525DB50055B173 = {
			isa = PBXGroup;
			children = (
				FA1B09F220547D0C00EBFD6C /* Headers */,
				FAD8A8962054430200F31B43 /* Controllers */,
				FAD8A8842053DF2500F31B43 /* XIBs */,
				FA2C225920525DB50055B173 /* Sources */,
				FA1B0A57205491F600EBFD6C /* Pixie */,
				FA2C225820525DB50055B173 /* Products */,
			);
			sourceTree = "<group>";
		};
		FA2C225820525DB50055B173 /* Products */ = {
			isa = PBXGroup;
			children = (
				FA1B0A56205491F600EBFD6C /* Pixie.app */,
			);
			name = Products;
			sourceTree = "<group>";
		};
		FA2C225920525DB50055B173 /* Sources */ = {
			isa = PBXGroup;
			children = (
				FAD8A8902053E1DD00F31B43 /* AppDelegate.swift */,
				FAD8A8922053E1E600F31B43 /* ViewController.swift */,
				FAB19D89205D1AA90057DB64 /* Helpers.swift */,
				FA1B0A672054993F00EBFD6C /* VLCMain.swift */,
				FAD8A8942053F51D00F31B43 /* VLCMainMenu.swift */,
				FA1B09F020544A1400EBFD6C /* VLCExtensionsManager.swift */,
				FA081CCD205E31450028E2E6 /* VLCStringUtility.swift */,
				FAD8A88F2053E1DD00F31B43 /* VLC-Bridging-Header.h */,
				FAD8A88B2053E08E00F31B43 /* Assets.xcassets */,
				FAD8A8882053E05D00F31B43 /* VLC.entitlements */,
				FAD8A8892053E06700F31B43 /* Info.plist */,
				FABC537C2060522400139896 /* VLCCoreInteraction.swift */,
				FABC537E2062EC3C00139896 /* VLCExtensions.swift */,
				FACA07CE20700EB6004DC571 /* VLCVoutView.swift */,
				FACA07D020700EDB004DC571 /* VLCMainWindowTitleView.swift */,
				FACA07D220700F48004DC571 /* VLCControlsBar.swift */,
				FACC22FD2070BB4100736C66 /* VLCVideoWindow.swift */,
				FACC22FF2070BBD600736C66 /* VLCWindow.swift */,
				FAA84B3B20722F1500B3FEEC /* VLCInputManager.swift */,
				FA47C85A208BCDF3006B71DB /* VLCPlaylist.swift */,
				FA4DE38420C2D722003343F6 /* VLCControlsBarView.swift */,
			);
			path = Sources;
			sourceTree = "<group>";
		};
		FAD8A8842053DF2500F31B43 /* XIBs */ = {
			isa = PBXGroup;
			children = (
				FACA07CA20700E13004DC571 /* MainWindow.xib */,
				FAD8A88D2053E11F00F31B43 /* MainMenu.xib */,
				FAD8A8852053E02900F31B43 /* Main.storyboard */,
			);
			path = XIBs;
			sourceTree = "<group>";
		};
		FAD8A8962054430200F31B43 /* Controllers */ = {
			isa = PBXGroup;
			children = (
				FAD8A8972054434400F31B43 /* VLCRendererMenuController.swift */,
				FABC537A205EBC9400139896 /* VLCOpenWindowController.swift */,
				FAA84B3D207256A000B3FEEC /* VLCVoutWindowController.swift */,
				FA64DB7E208B2B8000E60971 /* VLCVoutWindowController.h */,
				FA64DB7F208B2CF000E60971 /* VLCVoutWindowController.m */,
			);
			path = Controllers;
			sourceTree = "<group>";
		};
/* End PBXGroup section */

/* Begin PBXNativeTarget section */
		FA1B0A55205491F600EBFD6C /* Pixie */ = {
			isa = PBXNativeTarget;
			buildConfigurationList = FA1B0A61205491F600EBFD6C /* Build configuration list for PBXNativeTarget "Pixie" */;
			buildPhases = (
				FA1B0A52205491F600EBFD6C /* Sources */,
				FA1B0A53205491F600EBFD6C /* Frameworks */,
				FA1B0A54205491F600EBFD6C /* Resources */,
			);
			buildRules = (
			);
			dependencies = (
			);
			name = Pixie;
			productName = Pixie;
			productReference = FA1B0A56205491F600EBFD6C /* Pixie.app */;
			productType = "com.apple.product-type.application";
		};
/* End PBXNativeTarget section */

/* Begin PBXProject section */
		FA2C224F20525DB50055B173 /* Project object */ = {
			isa = PBXProject;
			attributes = {
				LastSwiftUpdateCheck = 0920;
				LastUpgradeCheck = 0920;
				ORGANIZATIONNAME = "Dao Hung Huynh";
				TargetAttributes = {
					FA1B0A55205491F600EBFD6C = {
						CreatedOnToolsVersion = 9.2;
						ProvisioningStyle = Automatic;
					};
				};
			};
			buildConfigurationList = FA2C225220525DB50055B173 /* Build configuration list for PBXProject "VLC" */;
			compatibilityVersion = "Xcode 8.0";
			developmentRegion = en;
			hasScannedForEncodings = 0;
			knownRegions = (
				en,
				Base,
			);
			mainGroup = FA2C224E20525DB50055B173;
			productRefGroup = FA2C225820525DB50055B173 /* Products */;
			projectDirPath = "";
			projectRoot = "";
			targets = (
				FA1B0A55205491F600EBFD6C /* Pixie */,
			);
		};
/* End PBXProject section */

/* Begin PBXResourcesBuildPhase section */
		FA1B0A54205491F600EBFD6C /* Resources */ = {
			isa = PBXResourcesBuildPhase;
			buildActionMask = 2147483647;
			files = (
				FA1B0A5B205491F600EBFD6C /* Assets.xcassets in Resources */,
				FA1B0A5E205491F600EBFD6C /* MainMenu.xib in Resources */,
				FACA07CB20700E13004DC571 /* MainWindow.xib in Resources */,
			);
			runOnlyForDeploymentPostprocessing = 0;
		};
/* End PBXResourcesBuildPhase section */

/* Begin PBXSourcesBuildPhase section */
		FA1B0A52205491F600EBFD6C /* Sources */ = {
			isa = PBXSourcesBuildPhase;
			buildActionMask = 2147483647;
			files = (
				FACA07D320700F48004DC571 /* VLCControlsBar.swift in Sources */,
				FABC537D2060522400139896 /* VLCCoreInteraction.swift in Sources */,
				FABC537F2062EC3C00139896 /* VLCExtensions.swift in Sources */,
				FA1B0A59205491F600EBFD6C /* AppDelegate.swift in Sources */,
				FA4DE38520C2D722003343F6 /* VLCControlsBarView.swift in Sources */,
				FA081CCE205E31450028E2E6 /* VLCStringUtility.swift in Sources */,
				FACA07D120700EDB004DC571 /* VLCMainWindowTitleView.swift in Sources */,
				FAB19D8A205D1AA90057DB64 /* Helpers.swift in Sources */,
				FA64DB80208B2CF100E60971 /* VLCVoutWindowController.m in Sources */,
				FAA84B3E207256A000B3FEEC /* VLCVoutWindowController.swift in Sources */,
				FAA84B3C20722F1500B3FEEC /* VLCInputManager.swift in Sources */,
				FACA07CF20700EB6004DC571 /* VLCVoutView.swift in Sources */,
				FACC23002070BBD600736C66 /* VLCWindow.swift in Sources */,
				FA1B0A662054959700EBFD6C /* VLCExtensionsManager.swift in Sources */,
				FA1B0A682054993F00EBFD6C /* VLCMain.swift in Sources */,
				FA1B0A642054927A00EBFD6C /* VLCMainMenu.swift in Sources */,
				FA47C85B208BCDF3006B71DB /* VLCPlaylist.swift in Sources */,
				FA1B0A652054932000EBFD6C /* VLCRendererMenuController.swift in Sources */,
				FACC22FE2070BB4100736C66 /* VLCVideoWindow.swift in Sources */,
			);
			runOnlyForDeploymentPostprocessing = 0;
		};
/* End PBXSourcesBuildPhase section */

/* Begin PBXVariantGroup section */
		FA1B0A5C205491F600EBFD6C /* MainMenu.xib */ = {
			isa = PBXVariantGroup;
			children = (
				FA1B0A5D205491F600EBFD6C /* Base */,
			);
			name = MainMenu.xib;
			sourceTree = "<group>";
		};
		FAD8A8852053E02900F31B43 /* Main.storyboard */ = {
			isa = PBXVariantGroup;
			children = (
				FAD8A8862053E02900F31B43 /* Base */,
			);
			name = Main.storyboard;
			sourceTree = "<group>";
		};
/* End PBXVariantGroup section */

/* Begin XCBuildConfiguration section */
		FA1B0A62205491F600EBFD6C /* Debug */ = {
			isa = XCBuildConfiguration;
			buildSettings = {
				ASSETCATALOG_COMPILER_APPICON_NAME = AppIcon;
				CODE_SIGN_ENTITLEMENTS = Pixie/Pixie.entitlements;
				CODE_SIGN_STYLE = Automatic;
				COMBINE_HIDPI_IMAGES = YES;
				HEADER_SEARCH_PATHS = ../include;
				INFOPLIST_FILE = Pixie/VLC;
				LD_RUNPATH_SEARCH_PATHS = "$(inherited) @executable_path/../Frameworks";
				PRODUCT_BUNDLE_IDENTIFIER = com.dictunifier.Pixie;
				PRODUCT_NAME = "$(TARGET_NAME)";
				SWIFT_OBJC_BRIDGING_HEADER = "Sources/VLC-Bridging-Header.h";
				SWIFT_VERSION = 4.0;
			};
			name = Debug;
		};
		FA1B0A63205491F600EBFD6C /* Release */ = {
			isa = XCBuildConfiguration;
			buildSettings = {
				ASSETCATALOG_COMPILER_APPICON_NAME = AppIcon;
				CODE_SIGN_ENTITLEMENTS = Pixie/Pixie.entitlements;
				CODE_SIGN_STYLE = Automatic;
				COMBINE_HIDPI_IMAGES = YES;
				HEADER_SEARCH_PATHS = ../include;
				INFOPLIST_FILE = Pixie/VLC;
				LD_RUNPATH_SEARCH_PATHS = "$(inherited) @executable_path/../Frameworks";
				PRODUCT_BUNDLE_IDENTIFIER = com.dictunifier.Pixie;
				PRODUCT_NAME = "$(TARGET_NAME)";
				SWIFT_OBJC_BRIDGING_HEADER = "Sources/VLC-Bridging-Header.h";
				SWIFT_VERSION = 4.0;
			};
			name = Release;
		};
		FA2C226520525DB50055B173 /* Debug */ = {
			isa = XCBuildConfiguration;
			buildSettings = {
				ALWAYS_SEARCH_USER_PATHS = NO;
				CLANG_ANALYZER_NONNULL = YES;
				CLANG_ANALYZER_NUMBER_OBJECT_CONVERSION = YES_AGGRESSIVE;
				CLANG_CXX_LANGUAGE_STANDARD = "gnu++14";
				CLANG_CXX_LIBRARY = "libc++";
				CLANG_ENABLE_MODULES = YES;
				CLANG_ENABLE_OBJC_ARC = YES;
				CLANG_WARN_BLOCK_CAPTURE_AUTORELEASING = YES;
				CLANG_WARN_BOOL_CONVERSION = YES;
				CLANG_WARN_COMMA = YES;
				CLANG_WARN_CONSTANT_CONVERSION = YES;
				CLANG_WARN_DIRECT_OBJC_ISA_USAGE = YES_ERROR;
				CLANG_WARN_DOCUMENTATION_COMMENTS = YES;
				CLANG_WARN_EMPTY_BODY = YES;
				CLANG_WARN_ENUM_CONVERSION = YES;
				CLANG_WARN_INFINITE_RECURSION = YES;
				CLANG_WARN_INT_CONVERSION = YES;
				CLANG_WARN_NON_LITERAL_NULL_CONVERSION = YES;
				CLANG_WARN_OBJC_LITERAL_CONVERSION = YES;
				CLANG_WARN_OBJC_ROOT_CLASS = YES_ERROR;
				CLANG_WARN_RANGE_LOOP_ANALYSIS = YES;
				CLANG_WARN_STRICT_PROTOTYPES = YES;
				CLANG_WARN_SUSPICIOUS_MOVE = YES;
				CLANG_WARN_UNGUARDED_AVAILABILITY = YES_AGGRESSIVE;
				CLANG_WARN_UNREACHABLE_CODE = YES;
				CLANG_WARN__DUPLICATE_METHOD_MATCH = YES;
				CODE_SIGN_IDENTITY = "-";
				COPY_PHASE_STRIP = NO;
				DEBUG_INFORMATION_FORMAT = dwarf;
				ENABLE_STRICT_OBJC_MSGSEND = YES;
				ENABLE_TESTABILITY = YES;
				GCC_C_LANGUAGE_STANDARD = "compiler-default";
				GCC_DYNAMIC_NO_PIC = NO;
				GCC_NO_COMMON_BLOCKS = YES;
				GCC_OPTIMIZATION_LEVEL = 0;
				GCC_PREPROCESSOR_DEFINITIONS = (
					"DEBUG=1",
					"$(inherited)",
				);
				GCC_WARN_64_TO_32_BIT_CONVERSION = YES;
				GCC_WARN_ABOUT_RETURN_TYPE = YES_ERROR;
				GCC_WARN_UNDECLARED_SELECTOR = YES;
				GCC_WARN_UNINITIALIZED_AUTOS = YES_AGGRESSIVE;
				GCC_WARN_UNUSED_FUNCTION = YES;
				GCC_WARN_UNUSED_VARIABLE = YES;
				MACOSX_DEPLOYMENT_TARGET = 10.13;
				MTL_ENABLE_DEBUG_INFO = YES;
				ONLY_ACTIVE_ARCH = YES;
				SDKROOT = macosx;
				SWIFT_ACTIVE_COMPILATION_CONDITIONS = DEBUG;
				SWIFT_OPTIMIZATION_LEVEL = "-Onone";
				VALID_ARCHS = x86_64;
			};
			name = Debug;
		};
		FA2C226620525DB50055B173 /* Release */ = {
			isa = XCBuildConfiguration;
			buildSettings = {
				ALWAYS_SEARCH_USER_PATHS = NO;
				CLANG_ANALYZER_NONNULL = YES;
				CLANG_ANALYZER_NUMBER_OBJECT_CONVERSION = YES_AGGRESSIVE;
				CLANG_CXX_LANGUAGE_STANDARD = "gnu++14";
				CLANG_CXX_LIBRARY = "libc++";
				CLANG_ENABLE_MODULES = YES;
				CLANG_ENABLE_OBJC_ARC = YES;
				CLANG_WARN_BLOCK_CAPTURE_AUTORELEASING = YES;
				CLANG_WARN_BOOL_CONVERSION = YES;
				CLANG_WARN_COMMA = YES;
				CLANG_WARN_CONSTANT_CONVERSION = YES;
				CLANG_WARN_DIRECT_OBJC_ISA_USAGE = YES_ERROR;
				CLANG_WARN_DOCUMENTATION_COMMENTS = YES;
				CLANG_WARN_EMPTY_BODY = YES;
				CLANG_WARN_ENUM_CONVERSION = YES;
				CLANG_WARN_INFINITE_RECURSION = YES;
				CLANG_WARN_INT_CONVERSION = YES;
				CLANG_WARN_NON_LITERAL_NULL_CONVERSION = YES;
				CLANG_WARN_OBJC_LITERAL_CONVERSION = YES;
				CLANG_WARN_OBJC_ROOT_CLASS = YES_ERROR;
				CLANG_WARN_RANGE_LOOP_ANALYSIS = YES;
				CLANG_WARN_STRICT_PROTOTYPES = YES;
				CLANG_WARN_SUSPICIOUS_MOVE = YES;
				CLANG_WARN_UNGUARDED_AVAILABILITY = YES_AGGRESSIVE;
				CLANG_WARN_UNREACHABLE_CODE = YES;
				CLANG_WARN__DUPLICATE_METHOD_MATCH = YES;
				CODE_SIGN_IDENTITY = "-";
				COPY_PHASE_STRIP = NO;
				DEBUG_INFORMATION_FORMAT = "dwarf-with-dsym";
				ENABLE_NS_ASSERTIONS = NO;
				ENABLE_STRICT_OBJC_MSGSEND = YES;
				GCC_C_LANGUAGE_STANDARD = "compiler-default";
				GCC_NO_COMMON_BLOCKS = YES;
				GCC_WARN_64_TO_32_BIT_CONVERSION = YES;
				GCC_WARN_ABOUT_RETURN_TYPE = YES_ERROR;
				GCC_WARN_UNDECLARED_SELECTOR = YES;
				GCC_WARN_UNINITIALIZED_AUTOS = YES_AGGRESSIVE;
				GCC_WARN_UNUSED_FUNCTION = YES;
				GCC_WARN_UNUSED_VARIABLE = YES;
				MACOSX_DEPLOYMENT_TARGET = 10.13;
				MTL_ENABLE_DEBUG_INFO = NO;
				ONLY_ACTIVE_ARCH = YES;
				SDKROOT = macosx;
				SWIFT_OPTIMIZATION_LEVEL = "-Owholemodule";
				VALID_ARCHS = x86_64;
			};
			name = Release;
		};
/* End XCBuildConfiguration section */

/* Begin XCConfigurationList section */
		FA1B0A61205491F600EBFD6C /* Build configuration list for PBXNativeTarget "Pixie" */ = {
			isa = XCConfigurationList;
			buildConfigurations = (
				FA1B0A62205491F600EBFD6C /* Debug */,
				FA1B0A63205491F600EBFD6C /* Release */,
			);
			defaultConfigurationIsVisible = 0;
			defaultConfigurationName = Release;
		};
		FA2C225220525DB50055B173 /* Build configuration list for PBXProject "VLC" */ = {
			isa = XCConfigurationList;
			buildConfigurations = (
				FA2C226520525DB50055B173 /* Debug */,
				FA2C226620525DB50055B173 /* Release */,
			);
			defaultConfigurationIsVisible = 0;
			defaultConfigurationName = Release;
		};
/* End XCConfigurationList section */
	};
	rootObject = FA2C224F20525DB50055B173 /* Project object */;
}
